// !$*UTF8*$!
{
 archiveVersion = 1;
 classes = {};
 objectVersion = 54;
 objects = {
  97C146E61CF9000F007C117D = {isa = PBXProject; buildConfigurationList = 97C146E91CF9000F007C117D; compatibilityVersion = "Xcode 9.3"; developmentRegion = en; mainGroup = 97C146E51CF9000F007C117D; productRefGroup = 97C146EF1CF9000F007C117D; projectDirPath = ""; projectRoot = ""; targets = (97C146ED1CF9000F007C117D); };
  97C146E51CF9000F007C117D = {isa = PBXGroup; children = (97C146F01CF9000F007C117D, 9740EEB11CF90186004384FC); sourceTree = "<group>"; };
  97C146F01CF9000F007C117D = {isa = PBXGroup; children = (74858FAE1ED2DC5600515810, 97C147021CF9000F007C117D); path = Runner; sourceTree = "<group>"; };
  9740EEB11CF90186004384FC = {isa = PBXGroup; children = (9740EEB21CF90195004384FC, 7AFA3C8E1D35360C0083082E); name = Flutter; sourceTree = "<group>"; };
  74858FAE1ED2DC5600515810 = {isa = PBXFileReference; lastKnownFileType = sourcecode.swift; path = AppDelegate.swift; sourceTree = "<group>"; };
  97C147021CF9000F007C117D = {isa = PBXFileReference; lastKnownFileType = text.plist.xml; path = Info.plist; sourceTree = "<group>"; };
  9740EEB21CF90195004384FC = {isa = PBXFileReference; lastKnownFileType = text.xcconfig; path = Flutter/Debug.xcconfig; sourceTree = "<group>"; };
  7AFA3C8E1D35360C0083082E = {isa = PBXFileReference; lastKnownFileType = text.xcconfig; path = Flutter/Release.xcconfig; sourceTree = "<group>"; };
  97C146ED1CF9000F007C117D = {isa = PBXNativeTarget; buildConfigurationList = 97C147051CF9000F007C117D; buildPhases = (); name = Runner; productName = Runner; productType = "com.apple.product-type.application"; };
  97C146E91CF9000F007C117D = {isa = XCConfigurationList; buildConfigurations = (97C147061CF9000F007C117D, 97C147071CF9000F007C117D); defaultConfigurationIsVisible = 0; defaultConfigurationName = Release; };
  97C147051CF9000F007C117D = {isa = XCConfigurationList; buildConfigurations = (97C147061CF9000F007C117D, 97C147071CF9000F007C117D); defaultConfigurationIsVisible = 0; defaultConfigurationName = Release; };
  97C147061CF9000F007C117D = {isa = XCBuildConfiguration; buildSettings = {PRODUCT_BUNDLE_IDENTIFIER = com.example.proearn; INFOPLIST_FILE = Runner/Info.plist; SWIFT_VERSION = 5.0; IPHONEOS_DEPLOYMENT_TARGET = 12.0; }; name = Debug; };
  97C147071CF9000F007C117D = {isa = XCBuildConfiguration; buildSettings = {PRODUCT_BUNDLE_IDENTIFIER = com.example.proearn; INFOPLIST_FILE = Runner/Info.plist; SWIFT_VERSION = 5.0; IPHONEOS_DEPLOYMENT_TARGET = 12.0; }; name = Release; };
 };
 rootObject = 97C146E61CF9000F007C117D;
}